{
  "version": 4,
  "terraform_version": "1.6.6",
  "serial": 9,
  "lineage": "224e4f2f-4bf6-04fa-50b2-3de23e785846",
  "outputs": {},
  "resources": [
    {
      "mode": "managed",
      "type": "docker_image",
      "name": "nginx",
      "provider": "provider[\"registry.terraform.io/kreuzwerker/docker\"]",
      "instances": [
        {
          "schema_version": 0,
          "attributes": {
            "build": [],
            "force_remove": null,
            "id": "sha256:d453dd892d9357f3559b967478ae9cbc417b52de66b53142f6c16c8a275486b9nginx",
            "image_id": "sha256:d453dd892d9357f3559b967478ae9cbc417b52de66b53142f6c16c8a275486b9",
            "keep_locally": false,
            "name": "nginx",
            "platform": null,
            "pull_triggers": null,
            "repo_digest": "nginx@sha256:2bdc49f2f8ae8d8dc50ed00f2ee56d00385c6f8bc8a8b320d0a294d9e3b49026",
            "triggers": null
          },
          "sensitive_attributes": [],
          "private": "bnVsbA=="
        }
      ]
    }
  ],
  "check_results": null
}
